{
  "originHash" : "ec22f9c014401c98a7f074e3becbd57b189a11745b9077912e46aeece1b0eb5f",
  "pins" : [
    {
      "identity" : "puddles",
      "kind" : "remoteSourceControl",
      "location" : "https://github.com/SwiftedMind/Puddles",
      "state" : {
        "revision" : "d44cd174221423f803d9c844441bc1542a45b843",
        "version" : "2.0.0"
      }
    }
  ],
  "version" : 3
}
